// !$*UTF8*$!
{
	archiveVersion = 1;
	classes = {
	};
	objectVersion = 77;
	objects = {

/* Begin PBXBuildFile section */
		03FEB36AE1A90E732CA84B5D /* ContentView.swift in Sources */ = {isa = PBXBuildFile; fileRef = AACB450A54B3DE0DDE690694 /* ContentView.swift */; };
		0A3B273FE891388FB02E1805 /* EngineClient.swift in Sources */ = {isa = PBXBuildFile; fileRef = 724BFC27A4C64D66CD08F262 /* EngineClient.swift */; };
		13C3DA883FC79CEB3663501E /* IPCTypes.swift in Sources */ = {isa = PBXBuildFile; fileRef = FE372339AC8A20A90E0C571B /* IPCTypes.swift */; };
		1C8804AE4177915D5B196DD0 /* AppState.swift in Sources */ = {isa = PBXBuildFile; fileRef = B3A36B156292D82308035F93 /* AppState.swift */; };
		53FF0D5C1F89FCB47804BB4C /* StackerApp.swift in Sources */ = {isa = PBXBuildFile; fileRef = D0FA8C09E56D4846BCC7B2DC /* StackerApp.swift */; };
		BC11CDAC3EB282EF9436ACB4 /* SettingsPanelView.swift in Sources */ = {isa = PBXBuildFile; fileRef = 00C665A32CDF87EDFF670240 /* SettingsPanelView.swift */; };
		D3F8E49977F2FDC04211BE1F /* StackProgressView.swift in Sources */ = {isa = PBXBuildFile; fileRef = 28F70E3DD2B2ADA78DF2B96D /* StackProgressView.swift */; };
		DBBCBE3B14263C9FE6BFF9A0 /* PreviewPaneView.swift in Sources */ = {isa = PBXBuildFile; fileRef = 07C30D034FDDDC4E681FE8A2 /* PreviewPaneView.swift */; };
		E8FF6604EA1280978B29D593 /* FrameListView.swift in Sources */ = {isa = PBXBuildFile; fileRef = 19626D3D210B7C4342C02FFB /* FrameListView.swift */; };
		EFCF49A7504423B67D0810B0 /* FolderPickerView.swift in Sources */ = {isa = PBXBuildFile; fileRef = E7A2EC317EB8723259AC9D3D /* FolderPickerView.swift */; };
/* End PBXBuildFile section */

/* Begin PBXFileReference section */
		00C665A32CDF87EDFF670240 /* SettingsPanelView.swift */ = {isa = PBXFileReference; lastKnownFileType = sourcecode.swift; path = SettingsPanelView.swift; sourceTree = "<group>"; };
		07C30D034FDDDC4E681FE8A2 /* PreviewPaneView.swift */ = {isa = PBXFileReference; lastKnownFileType = sourcecode.swift; path = PreviewPaneView.swift; sourceTree = "<group>"; };
		19626D3D210B7C4342C02FFB /* FrameListView.swift */ = {isa = PBXFileReference; lastKnownFileType = sourcecode.swift; path = FrameListView.swift; sourceTree = "<group>"; };
		28F70E3DD2B2ADA78DF2B96D /* StackProgressView.swift */ = {isa = PBXFileReference; lastKnownFileType = sourcecode.swift; path = StackProgressView.swift; sourceTree = "<group>"; };
		333FFC7610098F7DE02F668C /* Stacker.app */ = {isa = PBXFileReference; explicitFileType = wrapper.application; includeInIndex = 0; path = Stacker.app; sourceTree = BUILT_PRODUCTS_DIR; };
		724BFC27A4C64D66CD08F262 /* EngineClient.swift */ = {isa = PBXFileReference; lastKnownFileType = sourcecode.swift; path = EngineClient.swift; sourceTree = "<group>"; };
		AACB450A54B3DE0DDE690694 /* ContentView.swift */ = {isa = PBXFileReference; lastKnownFileType = sourcecode.swift; path = ContentView.swift; sourceTree = "<group>"; };
		B3A36B156292D82308035F93 /* AppState.swift */ = {isa = PBXFileReference; lastKnownFileType = sourcecode.swift; path = AppState.swift; sourceTree = "<group>"; };
		D0FA8C09E56D4846BCC7B2DC /* StackerApp.swift */ = {isa = PBXFileReference; lastKnownFileType = sourcecode.swift; path = StackerApp.swift; sourceTree = "<group>"; };
		E7A2EC317EB8723259AC9D3D /* FolderPickerView.swift */ = {isa = PBXFileReference; lastKnownFileType = sourcecode.swift; path = FolderPickerView.swift; sourceTree = "<group>"; };
		FE372339AC8A20A90E0C571B /* IPCTypes.swift */ = {isa = PBXFileReference; lastKnownFileType = sourcecode.swift; path = IPCTypes.swift; sourceTree = "<group>"; };
/* End PBXFileReference section */

/* Begin PBXGroup section */
		0EFE5A9FAF220CBCFCA82F9E /* Stacker */ = {
			isa = PBXGroup;
			children = (
				B3A36B156292D82308035F93 /* AppState.swift */,
				724BFC27A4C64D66CD08F262 /* EngineClient.swift */,
				FE372339AC8A20A90E0C571B /* IPCTypes.swift */,
				D0FA8C09E56D4846BCC7B2DC /* StackerApp.swift */,
				41AA6B8CA457676C5BE8E763 /* Views */,
			);
			path = Stacker;
			sourceTree = "<group>";
		};
		41AA6B8CA457676C5BE8E763 /* Views */ = {
			isa = PBXGroup;
			children = (
				AACB450A54B3DE0DDE690694 /* ContentView.swift */,
				E7A2EC317EB8723259AC9D3D /* FolderPickerView.swift */,
				19626D3D210B7C4342C02FFB /* FrameListView.swift */,
				07C30D034FDDDC4E681FE8A2 /* PreviewPaneView.swift */,
				00C665A32CDF87EDFF670240 /* SettingsPanelView.swift */,
				28F70E3DD2B2ADA78DF2B96D /* StackProgressView.swift */,
			);
			path = Views;
			sourceTree = "<group>";
		};
		65B46CA7A5038DA2D38E0FA0 /* Stacker */ = {
			isa = PBXGroup;
			children = (
				0EFE5A9FAF220CBCFCA82F9E /* Stacker */,
			);
			path = Stacker;
			sourceTree = "<group>";
		};
		ACCB8A7F8F6ED1BCD8A5A275 = {
			isa = PBXGroup;
			children = (
				65B46CA7A5038DA2D38E0FA0 /* Stacker */,
				C17A3CF24FA1EB53928DA904 /* Products */,
			);
			sourceTree = "<group>";
		};
		C17A3CF24FA1EB53928DA904 /* Products */ = {
			isa = PBXGroup;
			children = (
				333FFC7610098F7DE02F668C /* Stacker.app */,
			);
			name = Products;
			sourceTree = "<group>";
		};
/* End PBXGroup section */

/* Begin PBXNativeTarget section */
		A7028AB04329009278DBB9D3 /* Stacker */ = {
			isa = PBXNativeTarget;
			buildConfigurationList = 31BF0D0F4D7D1BCA220784E5 /* Build configuration list for PBXNativeTarget "Stacker" */;
			buildPhases = (
				F1BEA90647D20BE1F7061F3B /* Sources */,
			);
			buildRules = (
			);
			dependencies = (
			);
			name = Stacker;
			packageProductDependencies = (
			);
			productName = Stacker;
			productReference = 333FFC7610098F7DE02F668C /* Stacker.app */;
			productType = "com.apple.product-type.application";
		};
/* End PBXNativeTarget section */

/* Begin PBXProject section */
		33522B433CA1466622847B7D /* Project object */ = {
			isa = PBXProject;
			attributes = {
				BuildIndependentTargetsInParallel = YES;
				LastUpgradeCheck = 1430;
				TargetAttributes = {
				};
			};
			buildConfigurationList = E2A3CCF58AEE97E757A70D43 /* Build configuration list for PBXProject "Stacker" */;
			developmentRegion = en;
			hasScannedForEncodings = 0;
			knownRegions = (
				Base,
				en,
			);
			mainGroup = ACCB8A7F8F6ED1BCD8A5A275;
			minimizedProjectReferenceProxies = 1;
			preferredProjectObjectVersion = 77;
			productRefGroup = C17A3CF24FA1EB53928DA904 /* Products */;
			projectDirPath = "";
			projectRoot = "";
			targets = (
				A7028AB04329009278DBB9D3 /* Stacker */,
			);
		};
/* End PBXProject section */

/* Begin PBXSourcesBuildPhase section */
		F1BEA90647D20BE1F7061F3B /* Sources */ = {
			isa = PBXSourcesBuildPhase;
			buildActionMask = 2147483647;
			files = (
				1C8804AE4177915D5B196DD0 /* AppState.swift in Sources */,
				03FEB36AE1A90E732CA84B5D /* ContentView.swift in Sources */,
				0A3B273FE891388FB02E1805 /* EngineClient.swift in Sources */,
				EFCF49A7504423B67D0810B0 /* FolderPickerView.swift in Sources */,
				E8FF6604EA1280978B29D593 /* FrameListView.swift in Sources */,
				13C3DA883FC79CEB3663501E /* IPCTypes.swift in Sources */,
				DBBCBE3B14263C9FE6BFF9A0 /* PreviewPaneView.swift in Sources */,
				BC11CDAC3EB282EF9436ACB4 /* SettingsPanelView.swift in Sources */,
				D3F8E49977F2FDC04211BE1F /* StackProgressView.swift in Sources */,
				53FF0D5C1F89FCB47804BB4C /* StackerApp.swift in Sources */,
			);
			runOnlyForDeploymentPostprocessing = 0;
		};
/* End PBXSourcesBuildPhase section */

/* Begin XCBuildConfiguration section */
		359F96E78C501937D3A5EC96 /* Debug */ = {
			isa = XCBuildConfiguration;
			buildSettings = {
				ALWAYS_SEARCH_USER_PATHS = NO;
				CLANG_ANALYZER_NONNULL = YES;
				CLANG_ANALYZER_NUMBER_OBJECT_CONVERSION = YES_AGGRESSIVE;
				CLANG_CXX_LANGUAGE_STANDARD = "gnu++14";
				CLANG_CXX_LIBRARY = "libc++";
				CLANG_ENABLE_MODULES = YES;
				CLANG_ENABLE_OBJC_ARC = YES;
				CLANG_ENABLE_OBJC_WEAK = YES;
				CLANG_WARN_BLOCK_CAPTURE_AUTORELEASING = YES;
				CLANG_WARN_BOOL_CONVERSION = YES;
				CLANG_WARN_COMMA = YES;
				CLANG_WARN_CONSTANT_CONVERSION = YES;
				CLANG_WARN_DEPRECATED_OBJC_IMPLEMENTATIONS = YES;
				CLANG_WARN_DIRECT_OBJC_ISA_USAGE = YES_ERROR;
				CLANG_WARN_DOCUMENTATION_COMMENTS = YES;
				CLANG_WARN_EMPTY_BODY = YES;
				CLANG_WARN_ENUM_CONVERSION = YES;
				CLANG_WARN_INFINITE_RECURSION = YES;
				CLANG_WARN_INT_CONVERSION = YES;
				CLANG_WARN_NON_LITERAL_NULL_CONVERSION = YES;
				CLANG_WARN_OBJC_IMPLICIT_RETAIN_SELF = YES;
				CLANG_WARN_OBJC_LITERAL_CONVERSION = YES;
				CLANG_WARN_OBJC_ROOT_CLASS = YES_ERROR;
				CLANG_WARN_QUOTED_INCLUDE_IN_FRAMEWORK_HEADER = YES;
				CLANG_WARN_RANGE_LOOP_ANALYSIS = YES;
				CLANG_WARN_STRICT_PROTOTYPES = YES;
				CLANG_WARN_SUSPICIOUS_MOVE = YES;
				CLANG_WARN_UNGUARDED_AVAILABILITY = YES_AGGRESSIVE;
				CLANG_WARN_UNREACHABLE_CODE = YES;
				CLANG_WARN__DUPLICATE_METHOD_MATCH = YES;
				COPY_PHASE_STRIP = NO;
				DEBUG_INFORMATION_FORMAT = dwarf;
				ENABLE_STRICT_OBJC_MSGSEND = YES;
				ENABLE_TESTABILITY = YES;
				GCC_C_LANGUAGE_STANDARD = gnu11;
				GCC_DYNAMIC_NO_PIC = NO;
				GCC_NO_COMMON_BLOCKS = YES;
				GCC_OPTIMIZATION_LEVEL = 0;
				GCC_PREPROCESSOR_DEFINITIONS = (
					"$(inherited)",
					"DEBUG=1",
				);
				GCC_WARN_64_TO_32_BIT_CONVERSION = YES;
				GCC_WARN_ABOUT_RETURN_TYPE = YES_ERROR;
				GCC_WARN_UNDECLARED_SELECTOR = YES;
				GCC_WARN_UNINITIALIZED_AUTOS = YES_AGGRESSIVE;
				GCC_WARN_UNUSED_FUNCTION = YES;
				GCC_WARN_UNUSED_VARIABLE = YES;
				GENERATE_INFOPLIST_FILE = YES;
				INFOPLIST_KEY_CFBundleDisplayName = Stacker;
				INFOPLIST_KEY_LSApplicationCategoryType = "public.app-category.photography";
				INFOPLIST_KEY_NSHumanReadableCopyright = "";
				MACOSX_DEPLOYMENT_TARGET = 14.0;
				MTL_ENABLE_DEBUG_INFO = INCLUDE_SOURCE;
				MTL_FAST_MATH = YES;
				ONLY_ACTIVE_ARCH = YES;
				PRODUCT_BUNDLE_IDENTIFIER = com.hstockeb.Stacker;
				PRODUCT_NAME = "$(TARGET_NAME)";
				SDKROOT = macosx;
				SWIFT_ACTIVE_COMPILATION_CONDITIONS = DEBUG;
				SWIFT_OPTIMIZATION_LEVEL = "-Onone";
				SWIFT_VERSION = 5.9;
			};
			name = Debug;
		};
		91CF008576E12C2FEDDF8DA0 /* Debug */ = {
			isa = XCBuildConfiguration;
			buildSettings = {
				ASSETCATALOG_COMPILER_APPICON_NAME = AppIcon;
				COMBINE_HIDPI_IMAGES = YES;
				LD_RUNPATH_SEARCH_PATHS = (
					"$(inherited)",
					"@executable_path/../Frameworks",
				);
				PRODUCT_NAME = Stacker;
				SDKROOT = macosx;
			};
			name = Debug;
		};
		B3F53CD496DE11E66E31A72F /* Release */ = {
			isa = XCBuildConfiguration;
			buildSettings = {
				ALWAYS_SEARCH_USER_PATHS = NO;
				CLANG_ANALYZER_NONNULL = YES;
				CLANG_ANALYZER_NUMBER_OBJECT_CONVERSION = YES_AGGRESSIVE;
				CLANG_CXX_LANGUAGE_STANDARD = "gnu++14";
				CLANG_CXX_LIBRARY = "libc++";
				CLANG_ENABLE_MODULES = YES;
				CLANG_ENABLE_OBJC_ARC = YES;
				CLANG_ENABLE_OBJC_WEAK = YES;
				CLANG_WARN_BLOCK_CAPTURE_AUTORELEASING = YES;
				CLANG_WARN_BOOL_CONVERSION = YES;
				CLANG_WARN_COMMA = YES;
				CLANG_WARN_CONSTANT_CONVERSION = YES;
				CLANG_WARN_DEPRECATED_OBJC_IMPLEMENTATIONS = YES;
				CLANG_WARN_DIRECT_OBJC_ISA_USAGE = YES_ERROR;
				CLANG_WARN_DOCUMENTATION_COMMENTS = YES;
				CLANG_WARN_EMPTY_BODY = YES;
				CLANG_WARN_ENUM_CONVERSION = YES;
				CLANG_WARN_INFINITE_RECURSION = YES;
				CLANG_WARN_INT_CONVERSION = YES;
				CLANG_WARN_NON_LITERAL_NULL_CONVERSION = YES;
				CLANG_WARN_OBJC_IMPLICIT_RETAIN_SELF = YES;
				CLANG_WARN_OBJC_LITERAL_CONVERSION = YES;
				CLANG_WARN_OBJC_ROOT_CLASS = YES_ERROR;
				CLANG_WARN_QUOTED_INCLUDE_IN_FRAMEWORK_HEADER = YES;
				CLANG_WARN_RANGE_LOOP_ANALYSIS = YES;
				CLANG_WARN_STRICT_PROTOTYPES = YES;
				CLANG_WARN_SUSPICIOUS_MOVE = YES;
				CLANG_WARN_UNGUARDED_AVAILABILITY = YES_AGGRESSIVE;
				CLANG_WARN_UNREACHABLE_CODE = YES;
				CLANG_WARN__DUPLICATE_METHOD_MATCH = YES;
				COPY_PHASE_STRIP = NO;
				DEBUG_INFORMATION_FORMAT = "dwarf-with-dsym";
				ENABLE_NS_ASSERTIONS = NO;
				ENABLE_STRICT_OBJC_MSGSEND = YES;
				GCC_C_LANGUAGE_STANDARD = gnu11;
				GCC_NO_COMMON_BLOCKS = YES;
				GCC_WARN_64_TO_32_BIT_CONVERSION = YES;
				GCC_WARN_ABOUT_RETURN_TYPE = YES_ERROR;
				GCC_WARN_UNDECLARED_SELECTOR = YES;
				GCC_WARN_UNINITIALIZED_AUTOS = YES_AGGRESSIVE;
				GCC_WARN_UNUSED_FUNCTION = YES;
				GCC_WARN_UNUSED_VARIABLE = YES;
				GENERATE_INFOPLIST_FILE = YES;
				INFOPLIST_KEY_CFBundleDisplayName = Stacker;
				INFOPLIST_KEY_LSApplicationCategoryType = "public.app-category.photography";
				INFOPLIST_KEY_NSHumanReadableCopyright = "";
				MACOSX_DEPLOYMENT_TARGET = 14.0;
				MTL_ENABLE_DEBUG_INFO = NO;
				MTL_FAST_MATH = YES;
				PRODUCT_BUNDLE_IDENTIFIER = com.hstockeb.Stacker;
				PRODUCT_NAME = "$(TARGET_NAME)";
				SDKROOT = macosx;
				SWIFT_COMPILATION_MODE = wholemodule;
				SWIFT_OPTIMIZATION_LEVEL = "-O";
				SWIFT_VERSION = 5.9;
			};
			name = Release;
		};
		DDDA22B4F3986F5B6002CDBE /* Release */ = {
			isa = XCBuildConfiguration;
			buildSettings = {
				ASSETCATALOG_COMPILER_APPICON_NAME = AppIcon;
				COMBINE_HIDPI_IMAGES = YES;
				LD_RUNPATH_SEARCH_PATHS = (
					"$(inherited)",
					"@executable_path/../Frameworks",
				);
				PRODUCT_NAME = Stacker;
				SDKROOT = macosx;
			};
			name = Release;
		};
/* End XCBuildConfiguration section */

/* Begin XCConfigurationList section */
		31BF0D0F4D7D1BCA220784E5 /* Build configuration list for PBXNativeTarget "Stacker" */ = {
			isa = XCConfigurationList;
			buildConfigurations = (
				91CF008576E12C2FEDDF8DA0 /* Debug */,
				DDDA22B4F3986F5B6002CDBE /* Release */,
			);
			defaultConfigurationIsVisible = 0;
			defaultConfigurationName = Debug;
		};
		E2A3CCF58AEE97E757A70D43 /* Build configuration list for PBXProject "Stacker" */ = {
			isa = XCConfigurationList;
			buildConfigurations = (
				359F96E78C501937D3A5EC96 /* Debug */,
				B3F53CD496DE11E66E31A72F /* Release */,
			);
			defaultConfigurationIsVisible = 0;
			defaultConfigurationName = Debug;
		};
/* End XCConfigurationList section */
	};
	rootObject = 33522B433CA1466622847B7D /* Project object */;
}
